
Microsoft Visual Studio Solution File, Format Version 12.00
# Visual Studio 15
VisualStudioVersion = 15.0.26228.9
MinimumVisualStudioVersion = 10.0.40219.1
Project("{FAE04EC0-301F-11D3-BF4B-00C04F79EFBC}") = "MyValidation", "MyValidation\MyValidation.csproj", "{3E7502C9-1C7A-4A1D-A9AE-0C8C353122B1}"
EndProject
Global
	GlobalSection(SolutionConfigurationPlatforms) = preSolution
		Debug|Any CPU = Debug|Any CPU
		Release|Any CPU = Release|Any CPU
	EndGlobalSection
	GlobalSection(ProjectConfigurationPlatforms) = postSolution
		{3E7502C9-1C7A-4A1D-A9AE-0C8C353122B1}.Debug|Any CPU.ActiveCfg = Debug|Any CPU
		{3E7502C9-1C7A-4A1D-A9AE-0C8C353122B1}.Debug|Any CPU.Build.0 = Debug|Any CPU
		{3E7502C9-1C7A-4A1D-A9AE-0C8C353122B1}.Release|Any CPU.ActiveCfg = Release|Any CPU
		{3E7502C9-1C7A-4A1D-A9AE-0C8C353122B1}.Release|Any CPU.Build.0 = Release|Any CPU
	EndGlobalSection
	GlobalSection(SolutionProperties) = preSolution
		HideSolutionNode = FALSE
	EndGlobalSection
EndGlobal
